
Microsoft Visual Studio Solution File, Format Version 12.00
# Visual Studio Version 16
VisualStudioVersion = 16.0.30523.141
MinimumVisualStudioVersion = 10.0.40219.1
Project("{9A19103F-16F7-4668-BE54-9A1E7A4F7556}") = "Vasilev.SimpleChat.ConsNetCore", "Vasilev.SimpleChat.WpfNetCore\Vasilev.SimpleChat.ConsNetCore.csproj", "{CD8C7A74-FB4C-4490-BA8F-6AC903A1818D}"
EndProject
Project("{9A19103F-16F7-4668-BE54-9A1E7A4F7556}") = "Vasilev.SimpleChat.WpfNetCore.Client", "Vasilev.SimpleChat.WpfNetCore.Client\Vasilev.SimpleChat.WpfNetCore.Client.csproj", "{68CA6BDA-1770-4B8B-B1C8-3D58E356DDC4}"
EndProject
Project("{9A19103F-16F7-4668-BE54-9A1E7A4F7556}") = "Vasilev.SimpleChat.ConsNetCore.Server", "Vasilev.SimpleChat.WpfNetCore.Server\Vasilev.SimpleChat.ConsNetCore.Server.csproj", "{89E30A8C-B02D-4721-BD5D-FE7875492FE3}"
EndProject
Project("{FAE04EC0-301F-11D3-BF4B-00C04F79EFBC}") = "Vasilev.SimpleChat.ConsNetCore.Communication", "Vasilev.SimpleChat.ConsNetCore.Communication\Vasilev.SimpleChat.ConsNetCore.Communication.csproj", "{1826319F-F943-4511-8510-2207E329FAD4}"
EndProject
Global
	GlobalSection(SolutionConfigurationPlatforms) = preSolution
		Debug|Any CPU = Debug|Any CPU
		Release|Any CPU = Release|Any CPU
	EndGlobalSection
	GlobalSection(ProjectConfigurationPlatforms) = postSolution
		{CD8C7A74-FB4C-4490-BA8F-6AC903A1818D}.Debug|Any CPU.ActiveCfg = Debug|Any CPU
		{CD8C7A74-FB4C-4490-BA8F-6AC903A1818D}.Debug|Any CPU.Build.0 = Debug|Any CPU
		{CD8C7A74-FB4C-4490-BA8F-6AC903A1818D}.Release|Any CPU.ActiveCfg = Release|Any CPU
		{CD8C7A74-FB4C-4490-BA8F-6AC903A1818D}.Release|Any CPU.Build.0 = Release|Any CPU
		{68CA6BDA-1770-4B8B-B1C8-3D58E356DDC4}.Debug|Any CPU.ActiveCfg = Debug|Any CPU
		{68CA6BDA-1770-4B8B-B1C8-3D58E356DDC4}.Debug|Any CPU.Build.0 = Debug|Any CPU
		{68CA6BDA-1770-4B8B-B1C8-3D58E356DDC4}.Release|Any CPU.ActiveCfg = Release|Any CPU
		{68CA6BDA-1770-4B8B-B1C8-3D58E356DDC4}.Release|Any CPU.Build.0 = Release|Any CPU
		{89E30A8C-B02D-4721-BD5D-FE7875492FE3}.Debug|Any CPU.ActiveCfg = Debug|Any CPU
		{89E30A8C-B02D-4721-BD5D-FE7875492FE3}.Debug|Any CPU.Build.0 = Debug|Any CPU
		{89E30A8C-B02D-4721-BD5D-FE7875492FE3}.Release|Any CPU.ActiveCfg = Release|Any CPU
		{89E30A8C-B02D-4721-BD5D-FE7875492FE3}.Release|Any CPU.Build.0 = Release|Any CPU
		{1826319F-F943-4511-8510-2207E329FAD4}.Debug|Any CPU.ActiveCfg = Debug|Any CPU
		{1826319F-F943-4511-8510-2207E329FAD4}.Debug|Any CPU.Build.0 = Debug|Any CPU
		{1826319F-F943-4511-8510-2207E329FAD4}.Release|Any CPU.ActiveCfg = Release|Any CPU
		{1826319F-F943-4511-8510-2207E329FAD4}.Release|Any CPU.Build.0 = Release|Any CPU
	EndGlobalSection
	GlobalSection(SolutionProperties) = preSolution
		HideSolutionNode = FALSE
	EndGlobalSection
	GlobalSection(ExtensibilityGlobals) = postSolution
		SolutionGuid = {B414664A-DC01-4C09-9A0E-B61D061C6EB8}
	EndGlobalSection
EndGlobal
